
Microsoft Visual Studio Solution File, Format Version 12.00
# Visual Studio 15
VisualStudioVersion = 15.0.27130.2010
MinimumVisualStudioVersion = 10.0.40219.1
Project("{2150E333-8FDC-42A3-9474-1A3956D46DE8}") = "Engine", "Engine", "{D650BC25-BCB1-41A0-A7B8-01CCF8A539EE}"
EndProject
Project("{2150E333-8FDC-42A3-9474-1A3956D46DE8}") = "Games", "Games", "{43FE6B02-2EAB-4DD1-A9FE-3FBF8FAC185C}"
EndProject
Project("{8BC9CEB8-8B4A-11D0-8D11-00A0C91BC942}") = "UE4", "Intermediate\ProjectFiles\UE4.vcxproj", "{4382F112-9A6A-4888-810D-06456B168AF7}"
EndProject
Project("{8BC9CEB8-8B4A-11D0-8D11-00A0C91BC942}") = "MMC_Bowling", "Intermediate\ProjectFiles\MMC_Bowling.vcxproj", "{77462B30-0ED5-470D-BDBF-9C869E1F56CB}"
EndProject
Global
	GlobalSection(SolutionConfigurationPlatforms) = preSolution
		DebugGame Editor|HTML5 = DebugGame Editor|HTML5
		DebugGame Editor|Win32 = DebugGame Editor|Win32
		DebugGame Editor|Win64 = DebugGame Editor|Win64
		DebugGame|HTML5 = DebugGame|HTML5
		DebugGame|Win32 = DebugGame|Win32
		DebugGame|Win64 = DebugGame|Win64
		Development Editor|HTML5 = Development Editor|HTML5
		Development Editor|Win32 = Development Editor|Win32
		Development Editor|Win64 = Development Editor|Win64
		Development|HTML5 = Development|HTML5
		Development|Win32 = Development|Win32
		Development|Win64 = Development|Win64
		Shipping|HTML5 = Shipping|HTML5
		Shipping|Win32 = Shipping|Win32
		Shipping|Win64 = Shipping|Win64
	EndGlobalSection
	GlobalSection(ProjectConfigurationPlatforms) = postSolution
		{4382F112-9A6A-4888-810D-06456B168AF7}.DebugGame Editor|HTML5.ActiveCfg = BuiltWithUnrealBuildTool|Win32
		{4382F112-9A6A-4888-810D-06456B168AF7}.DebugGame Editor|HTML5.Build.0 = BuiltWithUnrealBuildTool|Win32
		{4382F112-9A6A-4888-810D-06456B168AF7}.DebugGame Editor|Win32.ActiveCfg = BuiltWithUnrealBuildTool|Win32
		{4382F112-9A6A-4888-810D-06456B168AF7}.DebugGame Editor|Win32.Build.0 = BuiltWithUnrealBuildTool|Win32
		{4382F112-9A6A-4888-810D-06456B168AF7}.DebugGame Editor|Win64.ActiveCfg = BuiltWithUnrealBuildTool|Win32
		{4382F112-9A6A-4888-810D-06456B168AF7}.DebugGame Editor|Win64.Build.0 = BuiltWithUnrealBuildTool|Win32
		{4382F112-9A6A-4888-810D-06456B168AF7}.DebugGame|HTML5.ActiveCfg = BuiltWithUnrealBuildTool|Win32
		{4382F112-9A6A-4888-810D-06456B168AF7}.DebugGame|HTML5.Build.0 = BuiltWithUnrealBuildTool|Win32
		{4382F112-9A6A-4888-810D-06456B168AF7}.DebugGame|Win32.ActiveCfg = BuiltWithUnrealBuildTool|Win32
		{4382F112-9A6A-4888-810D-06456B168AF7}.DebugGame|Win32.Build.0 = BuiltWithUnrealBuildTool|Win32
		{4382F112-9A6A-4888-810D-06456B168AF7}.DebugGame|Win64.ActiveCfg = BuiltWithUnrealBuildTool|Win32
		{4382F112-9A6A-4888-810D-06456B168AF7}.DebugGame|Win64.Build.0 = BuiltWithUnrealBuildTool|Win32
		{4382F112-9A6A-4888-810D-06456B168AF7}.Development Editor|HTML5.ActiveCfg = BuiltWithUnrealBuildTool|Win32
		{4382F112-9A6A-4888-810D-06456B168AF7}.Development Editor|HTML5.Build.0 = BuiltWithUnrealBuildTool|Win32
		{4382F112-9A6A-4888-810D-06456B168AF7}.Development Editor|Win32.ActiveCfg = BuiltWithUnrealBuildTool|Win32
		{4382F112-9A6A-4888-810D-06456B168AF7}.Development Editor|Win32.Build.0 = BuiltWithUnrealBuildTool|Win32
		{4382F112-9A6A-4888-810D-06456B168AF7}.Development Editor|Win64.ActiveCfg = BuiltWithUnrealBuildTool|Win32
		{4382F112-9A6A-4888-810D-06456B168AF7}.Development Editor|Win64.Build.0 = BuiltWithUnrealBuildTool|Win32
		{4382F112-9A6A-4888-810D-06456B168AF7}.Development|HTML5.ActiveCfg = BuiltWithUnrealBuildTool|Win32
		{4382F112-9A6A-4888-810D-06456B168AF7}.Development|HTML5.Build.0 = BuiltWithUnrealBuildTool|Win32
		{4382F112-9A6A-4888-810D-06456B168AF7}.Development|Win32.ActiveCfg = BuiltWithUnrealBuildTool|Win32
		{4382F112-9A6A-4888-810D-06456B168AF7}.Development|Win32.Build.0 = BuiltWithUnrealBuildTool|Win32
		{4382F112-9A6A-4888-810D-06456B168AF7}.Development|Win64.ActiveCfg = BuiltWithUnrealBuildTool|Win32
		{4382F112-9A6A-4888-810D-06456B168AF7}.Development|Win64.Build.0 = BuiltWithUnrealBuildTool|Win32
		{4382F112-9A6A-4888-810D-06456B168AF7}.Shipping|HTML5.ActiveCfg = BuiltWithUnrealBuildTool|Win32
		{4382F112-9A6A-4888-810D-06456B168AF7}.Shipping|HTML5.Build.0 = BuiltWithUnrealBuildTool|Win32
		{4382F112-9A6A-4888-810D-06456B168AF7}.Shipping|Win32.ActiveCfg = BuiltWithUnrealBuildTool|Win32
		{4382F112-9A6A-4888-810D-06456B168AF7}.Shipping|Win32.Build.0 = BuiltWithUnrealBuildTool|Win32
		{4382F112-9A6A-4888-810D-06456B168AF7}.Shipping|Win64.ActiveCfg = BuiltWithUnrealBuildTool|Win32
		{4382F112-9A6A-4888-810D-06456B168AF7}.Shipping|Win64.Build.0 = BuiltWithUnrealBuildTool|Win32
		{77462B30-0ED5-470D-BDBF-9C869E1F56CB}.DebugGame Editor|HTML5.ActiveCfg = HTML5_DebugGame_Editor|Win32
		{77462B30-0ED5-470D-BDBF-9C869E1F56CB}.DebugGame Editor|Win32.ActiveCfg = DebugGame_Editor|Win32
		{77462B30-0ED5-470D-BDBF-9C869E1F56CB}.DebugGame Editor|Win64.ActiveCfg = DebugGame_Editor|x64
		{77462B30-0ED5-470D-BDBF-9C869E1F56CB}.DebugGame Editor|Win64.Build.0 = DebugGame_Editor|x64
		{77462B30-0ED5-470D-BDBF-9C869E1F56CB}.DebugGame|HTML5.ActiveCfg = HTML5_DebugGame_Game|Win32
		{77462B30-0ED5-470D-BDBF-9C869E1F56CB}.DebugGame|HTML5.Build.0 = HTML5_DebugGame_Game|Win32
		{77462B30-0ED5-470D-BDBF-9C869E1F56CB}.DebugGame|Win32.ActiveCfg = DebugGame_Game|Win32
		{77462B30-0ED5-470D-BDBF-9C869E1F56CB}.DebugGame|Win32.Build.0 = DebugGame_Game|Win32
		{77462B30-0ED5-470D-BDBF-9C869E1F56CB}.DebugGame|Win64.ActiveCfg = DebugGame_Game|x64
		{77462B30-0ED5-470D-BDBF-9C869E1F56CB}.DebugGame|Win64.Build.0 = DebugGame_Game|x64
		{77462B30-0ED5-470D-BDBF-9C869E1F56CB}.Development Editor|HTML5.ActiveCfg = HTML5_Development_Editor|Win32
		{77462B30-0ED5-470D-BDBF-9C869E1F56CB}.Development Editor|Win32.ActiveCfg = Development_Editor|Win32
		{77462B30-0ED5-470D-BDBF-9C869E1F56CB}.Development Editor|Win64.ActiveCfg = Development_Editor|x64
		{77462B30-0ED5-470D-BDBF-9C869E1F56CB}.Development Editor|Win64.Build.0 = Development_Editor|x64
		{77462B30-0ED5-470D-BDBF-9C869E1F56CB}.Development|HTML5.ActiveCfg = HTML5_Development_Game|Win32
		{77462B30-0ED5-470D-BDBF-9C869E1F56CB}.Development|HTML5.Build.0 = HTML5_Development_Game|Win32
		{77462B30-0ED5-470D-BDBF-9C869E1F56CB}.Development|Win32.ActiveCfg = Development_Game|Win32
		{77462B30-0ED5-470D-BDBF-9C869E1F56CB}.Development|Win32.Build.0 = Development_Game|Win32
		{77462B30-0ED5-470D-BDBF-9C869E1F56CB}.Development|Win64.ActiveCfg = Development_Game|x64
		{77462B30-0ED5-470D-BDBF-9C869E1F56CB}.Development|Win64.Build.0 = Development_Game|x64
		{77462B30-0ED5-470D-BDBF-9C869E1F56CB}.Shipping|HTML5.ActiveCfg = HTML5_Shipping_Game|Win32
		{77462B30-0ED5-470D-BDBF-9C869E1F56CB}.Shipping|HTML5.Build.0 = HTML5_Shipping_Game|Win32
		{77462B30-0ED5-470D-BDBF-9C869E1F56CB}.Shipping|Win32.ActiveCfg = Shipping_Game|Win32
		{77462B30-0ED5-470D-BDBF-9C869E1F56CB}.Shipping|Win32.Build.0 = Shipping_Game|Win32
		{77462B30-0ED5-470D-BDBF-9C869E1F56CB}.Shipping|Win64.ActiveCfg = Shipping_Game|x64
		{77462B30-0ED5-470D-BDBF-9C869E1F56CB}.Shipping|Win64.Build.0 = Shipping_Game|x64
	EndGlobalSection
	GlobalSection(SolutionProperties) = preSolution
		HideSolutionNode = FALSE
	EndGlobalSection
	GlobalSection(NestedProjects) = preSolution
		{4382F112-9A6A-4888-810D-06456B168AF7} = {D650BC25-BCB1-41A0-A7B8-01CCF8A539EE}
		{77462B30-0ED5-470D-BDBF-9C869E1F56CB} = {43FE6B02-2EAB-4DD1-A9FE-3FBF8FAC185C}
	EndGlobalSection
	GlobalSection(ExtensibilityGlobals) = postSolution
		SolutionGuid = {D68FD7F8-62BA-4254-B709-432DC20E22BA}
	EndGlobalSection
EndGlobal
